
Microsoft Visual Studio Solution File, Format Version 12.00
# Visual Studio Version 17
VisualStudioVersion = 17.1.32319.34
MinimumVisualStudioVersion = 10.0.40219.1
Project("{FAE04EC0-301F-11D3-BF4B-00C04F79EFBC}") = "WebAPI", "WebAPI.csproj", "{1937CB3D-799A-4BA3-9E9C-3DE191E39A72}"
EndProject
Global
	GlobalSection(SolutionConfigurationPlatforms) = preSolution
		Debug|Any CPU = Debug|Any CPU
		Release|Any CPU = Release|Any CPU
	EndGlobalSection
	GlobalSection(ProjectConfigurationPlatforms) = postSolution
		{1937CB3D-799A-4BA3-9E9C-3DE191E39A72}.Debug|Any CPU.ActiveCfg = Debug|Any CPU
		{1937CB3D-799A-4BA3-9E9C-3DE191E39A72}.Debug|Any CPU.Build.0 = Debug|Any CPU
		{1937CB3D-799A-4BA3-9E9C-3DE191E39A72}.Release|Any CPU.ActiveCfg = Release|Any CPU
		{1937CB3D-799A-4BA3-9E9C-3DE191E39A72}.Release|Any CPU.Build.0 = Release|Any CPU
	EndGlobalSection
	GlobalSection(SolutionProperties) = preSolution
		HideSolutionNode = FALSE
	EndGlobalSection
	GlobalSection(ExtensibilityGlobals) = postSolution
		SolutionGuid = {B64A2F88-2BEE-421C-86A3-BA08606B6C1E}
	EndGlobalSection
EndGlobal
